// !$*UTF8*$!
{
	archiveVersion = 1;
	classes = {
	};
	objectVersion = 46;
	objects = {

/* Begin PBXBuildFile section */
		5E112E4619778EA4005828AC /* Foundation.framework in Frameworks */ = {isa = PBXBuildFile; fileRef = 5E112E4519778EA4005828AC /* Foundation.framework */; };
		5E112E4819778EA4005828AC /* CoreGraphics.framework in Frameworks */ = {isa = PBXBuildFile; fileRef = 5E112E4719778EA4005828AC /* CoreGraphics.framework */; };
		5E112E4A19778EA4005828AC /* UIKit.framework in Frameworks */ = {isa = PBXBuildFile; fileRef = 5E112E4919778EA4005828AC /* UIKit.framework */; };
		5E112E5019778EA4005828AC /* InfoPlist.strings in Resources */ = {isa = PBXBuildFile; fileRef = 5E112E4E19778EA4005828AC /* InfoPlist.strings */; };
		5E112E5219778EA4005828AC /* main.m in Sources */ = {isa = PBXBuildFile; fileRef = 5E112E5119778EA4005828AC /* main.m */; };
		5E112E5619778EA4005828AC /* AppDelegate.m in Sources */ = {isa = PBXBuildFile; fileRef = 5E112E5519778EA4005828AC /* AppDelegate.m */; };
		5E112E5819778EA4005828AC /* Images.xcassets in Resources */ = {isa = PBXBuildFile; fileRef = 5E112E5719778EA4005828AC /* Images.xcassets */; };
		5E112E5F19778EA4005828AC /* XCTest.framework in Frameworks */ = {isa = PBXBuildFile; fileRef = 5E112E5E19778EA4005828AC /* XCTest.framework */; };
		5E112E6019778EA4005828AC /* Foundation.framework in Frameworks */ = {isa = PBXBuildFile; fileRef = 5E112E4519778EA4005828AC /* Foundation.framework */; };
		5E112E6119778EA4005828AC /* UIKit.framework in Frameworks */ = {isa = PBXBuildFile; fileRef = 5E112E4919778EA4005828AC /* UIKit.framework */; };
		5E112E6919778EA4005828AC /* InfoPlist.strings in Resources */ = {isa = PBXBuildFile; fileRef = 5E112E6719778EA4005828AC /* InfoPlist.strings */; };
		5E112E6B19778EA4005828AC /* tomatoesTests.m in Sources */ = {isa = PBXBuildFile; fileRef = 5E112E6A19778EA4005828AC /* tomatoesTests.m */; };
		5E112E77197799FE005828AC /* MoviesViewController.m in Sources */ = {isa = PBXBuildFile; fileRef = 5E112E75197799FE005828AC /* MoviesViewController.m */; };
		5E112E78197799FE005828AC /* MoviesViewController.xib in Resources */ = {isa = PBXBuildFile; fileRef = 5E112E76197799FE005828AC /* MoviesViewController.xib */; };
		5E130BC519934C25009F18FB /* MovieCell.m in Sources */ = {isa = PBXBuildFile; fileRef = 5E130BC319934C25009F18FB /* MovieCell.m */; };
		5E130BC619934C25009F18FB /* MovieCell.xib in Resources */ = {isa = PBXBuildFile; fileRef = 5E130BC419934C25009F18FB /* MovieCell.xib */; };
		5EE3082619A5BBDF00C04C34 /* MovieDetailsViewController.m in Sources */ = {isa = PBXBuildFile; fileRef = 5EE3082419A5BBDF00C04C34 /* MovieDetailsViewController.m */; };
		5EE3082719A5BBDF00C04C34 /* MovieDetailsViewController.xib in Resources */ = {isa = PBXBuildFile; fileRef = 5EE3082519A5BBDF00C04C34 /* MovieDetailsViewController.xib */; };
		BA9F46F0105F4EF689008C1F /* libPods.a in Frameworks */ = {isa = PBXBuildFile; fileRef = E04A831C3418477BB323CAC9 /* libPods.a */; };
/* End PBXBuildFile section */

/* Begin PBXContainerItemProxy section */
		5E112E6219778EA4005828AC /* PBXContainerItemProxy */ = {
			isa = PBXContainerItemProxy;
			containerPortal = 5E112E3A19778EA4005828AC /* Project object */;
			proxyType = 1;
			remoteGlobalIDString = 5E112E4119778EA4005828AC;
			remoteInfo = tomatoes;
		};
/* End PBXContainerItemProxy section */

/* Begin PBXFileReference section */
		5E112E4219778EA4005828AC /* tomatoes.app */ = {isa = PBXFileReference; explicitFileType = wrapper.application; includeInIndex = 0; path = tomatoes.app; sourceTree = BUILT_PRODUCTS_DIR; };
		5E112E4519778EA4005828AC /* Foundation.framework */ = {isa = PBXFileReference; lastKnownFileType = wrapper.framework; name = Foundation.framework; path = System/Library/Frameworks/Foundation.framework; sourceTree = SDKROOT; };
		5E112E4719778EA4005828AC /* CoreGraphics.framework */ = {isa = PBXFileReference; lastKnownFileType = wrapper.framework; name = CoreGraphics.framework; path = System/Library/Frameworks/CoreGraphics.framework; sourceTree = SDKROOT; };
		5E112E4919778EA4005828AC /* UIKit.framework */ = {isa = PBXFileReference; lastKnownFileType = wrapper.framework; name = UIKit.framework; path = System/Library/Frameworks/UIKit.framework; sourceTree = SDKROOT; };
		5E112E4D19778EA4005828AC /* tomatoes-Info.plist */ = {isa = PBXFileReference; lastKnownFileType = text.plist.xml; path = "tomatoes-Info.plist"; sourceTree = "<group>"; };
		5E112E4F19778EA4005828AC /* en */ = {isa = PBXFileReference; lastKnownFileType = text.plist.strings; name = en; path = en.lproj/InfoPlist.strings; sourceTree = "<group>"; };
		5E112E5119778EA4005828AC /* main.m */ = {isa = PBXFileReference; lastKnownFileType = sourcecode.c.objc; path = main.m; sourceTree = "<group>"; };
		5E112E5319778EA4005828AC /* tomatoes-Prefix.pch */ = {isa = PBXFileReference; lastKnownFileType = sourcecode.c.h; path = "tomatoes-Prefix.pch"; sourceTree = "<group>"; };
		5E112E5419778EA4005828AC /* AppDelegate.h */ = {isa = PBXFileReference; lastKnownFileType = sourcecode.c.h; path = AppDelegate.h; sourceTree = "<group>"; };
		5E112E5519778EA4005828AC /* AppDelegate.m */ = {isa = PBXFileReference; lastKnownFileType = sourcecode.c.objc; path = AppDelegate.m; sourceTree = "<group>"; };
		5E112E5719778EA4005828AC /* Images.xcassets */ = {isa = PBXFileReference; lastKnownFileType = folder.assetcatalog; path = Images.xcassets; sourceTree = "<group>"; };
		5E112E5D19778EA4005828AC /* tomatoesTests.xctest */ = {isa = PBXFileReference; explicitFileType = wrapper.cfbundle; includeInIndex = 0; path = tomatoesTests.xctest; sourceTree = BUILT_PRODUCTS_DIR; };
		5E112E5E19778EA4005828AC /* XCTest.framework */ = {isa = PBXFileReference; lastKnownFileType = wrapper.framework; name = XCTest.framework; path = Library/Frameworks/XCTest.framework; sourceTree = DEVELOPER_DIR; };
		5E112E6619778EA4005828AC /* tomatoesTests-Info.plist */ = {isa = PBXFileReference; lastKnownFileType = text.plist.xml; path = "tomatoesTests-Info.plist"; sourceTree = "<group>"; };
		5E112E6819778EA4005828AC /* en */ = {isa = PBXFileReference; lastKnownFileType = text.plist.strings; name = en; path = en.lproj/InfoPlist.strings; sourceTree = "<group>"; };
		5E112E6A19778EA4005828AC /* tomatoesTests.m */ = {isa = PBXFileReference; lastKnownFileType = sourcecode.c.objc; path = tomatoesTests.m; sourceTree = "<group>"; };
		5E112E74197799FE005828AC /* MoviesViewController.h */ = {isa = PBXFileReference; fileEncoding = 4; lastKnownFileType = sourcecode.c.h; path = MoviesViewController.h; sourceTree = "<group>"; };
		5E112E75197799FE005828AC /* MoviesViewController.m */ = {isa = PBXFileReference; fileEncoding = 4; lastKnownFileType = sourcecode.c.objc; path = MoviesViewController.m; sourceTree = "<group>"; };
		5E112E76197799FE005828AC /* MoviesViewController.xib */ = {isa = PBXFileReference; fileEncoding = 4; lastKnownFileType = file.xib; path = MoviesViewController.xib; sourceTree = "<group>"; };
		5E130BC219934C25009F18FB /* MovieCell.h */ = {isa = PBXFileReference; fileEncoding = 4; lastKnownFileType = sourcecode.c.h; path = MovieCell.h; sourceTree = "<group>"; };
		5E130BC319934C25009F18FB /* MovieCell.m */ = {isa = PBXFileReference; fileEncoding = 4; lastKnownFileType = sourcecode.c.objc; path = MovieCell.m; sourceTree = "<group>"; };
		5E130BC419934C25009F18FB /* MovieCell.xib */ = {isa = PBXFileReference; fileEncoding = 4; lastKnownFileType = file.xib; path = MovieCell.xib; sourceTree = "<group>"; };
		5EE3082319A5BBDF00C04C34 /* MovieDetailsViewController.h */ = {isa = PBXFileReference; fileEncoding = 4; lastKnownFileType = sourcecode.c.h; path = MovieDetailsViewController.h; sourceTree = "<group>"; };
		5EE3082419A5BBDF00C04C34 /* MovieDetailsViewController.m */ = {isa = PBXFileReference; fileEncoding = 4; lastKnownFileType = sourcecode.c.objc; path = MovieDetailsViewController.m; sourceTree = "<group>"; };
		5EE3082519A5BBDF00C04C34 /* MovieDetailsViewController.xib */ = {isa = PBXFileReference; fileEncoding = 4; lastKnownFileType = file.xib; path = MovieDetailsViewController.xib; sourceTree = "<group>"; };
		AD5267A34B45461BB6131F33 /* Pods.xcconfig */ = {isa = PBXFileReference; includeInIndex = 1; lastKnownFileType = text.xcconfig; name = Pods.xcconfig; path = Pods/Pods.xcconfig; sourceTree = "<group>"; };
		E04A831C3418477BB323CAC9 /* libPods.a */ = {isa = PBXFileReference; explicitFileType = archive.ar; includeInIndex = 0; path = libPods.a; sourceTree = BUILT_PRODUCTS_DIR; };
/* End PBXFileReference section */

/* Begin PBXFrameworksBuildPhase section */
		5E112E3F19778EA4005828AC /* Frameworks */ = {
			isa = PBXFrameworksBuildPhase;
			buildActionMask = 2147483647;
			files = (
				5E112E4819778EA4005828AC /* CoreGraphics.framework in Frameworks */,
				5E112E4A19778EA4005828AC /* UIKit.framework in Frameworks */,
				5E112E4619778EA4005828AC /* Foundation.framework in Frameworks */,
				BA9F46F0105F4EF689008C1F /* libPods.a in Frameworks */,
			);
			runOnlyForDeploymentPostprocessing = 0;
		};
		5E112E5A19778EA4005828AC /* Frameworks */ = {
			isa = PBXFrameworksBuildPhase;
			buildActionMask = 2147483647;
			files = (
				5E112E5F19778EA4005828AC /* XCTest.framework in Frameworks */,
				5E112E6119778EA4005828AC /* UIKit.framework in Frameworks */,
				5E112E6019778EA4005828AC /* Foundation.framework in Frameworks */,
			);
			runOnlyForDeploymentPostprocessing = 0;
		};
/* End PBXFrameworksBuildPhase section */

/* Begin PBXGroup section */
		5E112E3919778EA4005828AC = {
			isa = PBXGroup;
			children = (
				5E112E4B19778EA4005828AC /* tomatoes */,
				5E112E6419778EA4005828AC /* tomatoesTests */,
				5E112E4419778EA4005828AC /* Frameworks */,
				5E112E4319778EA4005828AC /* Products */,
				AD5267A34B45461BB6131F33 /* Pods.xcconfig */,
			);
			sourceTree = "<group>";
		};
		5E112E4319778EA4005828AC /* Products */ = {
			isa = PBXGroup;
			children = (
				5E112E4219778EA4005828AC /* tomatoes.app */,
				5E112E5D19778EA4005828AC /* tomatoesTests.xctest */,
			);
			name = Products;
			sourceTree = "<group>";
		};
		5E112E4419778EA4005828AC /* Frameworks */ = {
			isa = PBXGroup;
			children = (
				5E112E4519778EA4005828AC /* Foundation.framework */,
				5E112E4719778EA4005828AC /* CoreGraphics.framework */,
				5E112E4919778EA4005828AC /* UIKit.framework */,
				5E112E5E19778EA4005828AC /* XCTest.framework */,
				E04A831C3418477BB323CAC9 /* libPods.a */,
			);
			name = Frameworks;
			sourceTree = "<group>";
		};
		5E112E4B19778EA4005828AC /* tomatoes */ = {
			isa = PBXGroup;
			children = (
				5E112E5419778EA4005828AC /* AppDelegate.h */,
				5E112E5519778EA4005828AC /* AppDelegate.m */,
				5E112E5719778EA4005828AC /* Images.xcassets */,
				5E112E4C19778EA4005828AC /* Supporting Files */,
				5E112E74197799FE005828AC /* MoviesViewController.h */,
				5E112E75197799FE005828AC /* MoviesViewController.m */,
				5E130BC219934C25009F18FB /* MovieCell.h */,
				5E130BC319934C25009F18FB /* MovieCell.m */,
				5E130BC419934C25009F18FB /* MovieCell.xib */,
				5E112E76197799FE005828AC /* MoviesViewController.xib */,
				5EE3082319A5BBDF00C04C34 /* MovieDetailsViewController.h */,
				5EE3082419A5BBDF00C04C34 /* MovieDetailsViewController.m */,
				5EE3082519A5BBDF00C04C34 /* MovieDetailsViewController.xib */,
			);
			path = tomatoes;
			sourceTree = "<group>";
		};
		5E112E4C19778EA4005828AC /* Supporting Files */ = {
			isa = PBXGroup;
			children = (
				5E112E4D19778EA4005828AC /* tomatoes-Info.plist */,
				5E112E4E19778EA4005828AC /* InfoPlist.strings */,
				5E112E5119778EA4005828AC /* main.m */,
				5E112E5319778EA4005828AC /* tomatoes-Prefix.pch */,
			);
			name = "Supporting Files";
			sourceTree = "<group>";
		};
		5E112E6419778EA4005828AC /* tomatoesTests */ = {
			isa = PBXGroup;
			children = (
				5E112E6A19778EA4005828AC /* tomatoesTests.m */,
				5E112E6519778EA4005828AC /* Supporting Files */,
			);
			path = tomatoesTests;
			sourceTree = "<group>";
		};
		5E112E6519778EA4005828AC /* Supporting Files */ = {
			isa = PBXGroup;
			children = (
				5E112E6619778EA4005828AC /* tomatoesTests-Info.plist */,
				5E112E6719778EA4005828AC /* InfoPlist.strings */,
			);
			name = "Supporting Files";
			sourceTree = "<group>";
		};
/* End PBXGroup section */

/* Begin PBXNativeTarget section */
		5E112E4119778EA4005828AC /* tomatoes */ = {
			isa = PBXNativeTarget;
			buildConfigurationList = 5E112E6E19778EA4005828AC /* Build configuration list for PBXNativeTarget "tomatoes" */;
			buildPhases = (
				E6EDD0F7DEB9407FA69EB78E /* Check Pods Manifest.lock */,
				5E112E3E19778EA4005828AC /* Sources */,
				5E112E3F19778EA4005828AC /* Frameworks */,
				5E112E4019778EA4005828AC /* Resources */,
				06963295CED9453885FBA444 /* Copy Pods Resources */,
			);
			buildRules = (
			);
			dependencies = (
			);
			name = tomatoes;
			productName = tomatoes;
			productReference = 5E112E4219778EA4005828AC /* tomatoes.app */;
			productType = "com.apple.product-type.application";
		};
		5E112E5C19778EA4005828AC /* tomatoesTests */ = {
			isa = PBXNativeTarget;
			buildConfigurationList = 5E112E7119778EA4005828AC /* Build configuration list for PBXNativeTarget "tomatoesTests" */;
			buildPhases = (
				5E112E5919778EA4005828AC /* Sources */,
				5E112E5A19778EA4005828AC /* Frameworks */,
				5E112E5B19778EA4005828AC /* Resources */,
			);
			buildRules = (
			);
			dependencies = (
				5E112E6319778EA4005828AC /* PBXTargetDependency */,
			);
			name = tomatoesTests;
			productName = tomatoesTests;
			productReference = 5E112E5D19778EA4005828AC /* tomatoesTests.xctest */;
			productType = "com.apple.product-type.bundle.unit-test";
		};
/* End PBXNativeTarget section */

/* Begin PBXProject section */
		5E112E3A19778EA4005828AC /* Project object */ = {
			isa = PBXProject;
			attributes = {
				LastUpgradeCheck = 0510;
				ORGANIZATIONNAME = Jab;
				TargetAttributes = {
					5E112E5C19778EA4005828AC = {
						TestTargetID = 5E112E4119778EA4005828AC;
					};
				};
			};
			buildConfigurationList = 5E112E3D19778EA4005828AC /* Build configuration list for PBXProject "tomatoes" */;
			compatibilityVersion = "Xcode 3.2";
			developmentRegion = English;
			hasScannedForEncodings = 0;
			knownRegions = (
				en,
			);
			mainGroup = 5E112E3919778EA4005828AC;
			productRefGroup = 5E112E4319778EA4005828AC /* Products */;
			projectDirPath = "";
			projectRoot = "";
			targets = (
				5E112E4119778EA4005828AC /* tomatoes */,
				5E112E5C19778EA4005828AC /* tomatoesTests */,
			);
		};
/* End PBXProject section */

/* Begin PBXResourcesBuildPhase section */
		5E112E4019778EA4005828AC /* Resources */ = {
			isa = PBXResourcesBuildPhase;
			buildActionMask = 2147483647;
			files = (
				5E112E5019778EA4005828AC /* InfoPlist.strings in Resources */,
				5E112E78197799FE005828AC /* MoviesViewController.xib in Resources */,
				5E130BC619934C25009F18FB /* MovieCell.xib in Resources */,
				5E112E5819778EA4005828AC /* Images.xcassets in Resources */,
				5EE3082719A5BBDF00C04C34 /* MovieDetailsViewController.xib in Resources */,
			);
			runOnlyForDeploymentPostprocessing = 0;
		};
		5E112E5B19778EA4005828AC /* Resources */ = {
			isa = PBXResourcesBuildPhase;
			buildActionMask = 2147483647;
			files = (
				5E112E6919778EA4005828AC /* InfoPlist.strings in Resources */,
			);
			runOnlyForDeploymentPostprocessing = 0;
		};
/* End PBXResourcesBuildPhase section */

/* Begin PBXShellScriptBuildPhase section */
		06963295CED9453885FBA444 /* Copy Pods Resources */ = {
			isa = PBXShellScriptBuildPhase;
			buildActionMask = 2147483647;
			files = (
			);
			inputPaths = (
			);
			name = "Copy Pods Resources";
			outputPaths = (
			);
			runOnlyForDeploymentPostprocessing = 0;
			shellPath = /bin/sh;
			shellScript = "\"${SRCROOT}/Pods/Pods-resources.sh\"\n";
			showEnvVarsInLog = 0;
		};
		E6EDD0F7DEB9407FA69EB78E /* Check Pods Manifest.lock */ = {
			isa = PBXShellScriptBuildPhase;
			buildActionMask = 2147483647;
			files = (
			);
			inputPaths = (
			);
			name = "Check Pods Manifest.lock";
			outputPaths = (
			);
			runOnlyForDeploymentPostprocessing = 0;
			shellPath = /bin/sh;
			shellScript = "diff \"${PODS_ROOT}/../Podfile.lock\" \"${PODS_ROOT}/Manifest.lock\" > /dev/null\nif [[ $? != 0 ]] ; then\n    cat << EOM\nerror: The sandbox is not in sync with the Podfile.lock. Run 'pod install' or update your CocoaPods installation.\nEOM\n    exit 1\nfi\n";
			showEnvVarsInLog = 0;
		};
/* End PBXShellScriptBuildPhase section */

/* Begin PBXSourcesBuildPhase section */
		5E112E3E19778EA4005828AC /* Sources */ = {
			isa = PBXSourcesBuildPhase;
			buildActionMask = 2147483647;
			files = (
				5EE3082619A5BBDF00C04C34 /* MovieDetailsViewController.m in Sources */,
				5E112E77197799FE005828AC /* MoviesViewController.m in Sources */,
				5E112E5619778EA4005828AC /* AppDelegate.m in Sources */,
				5E130BC519934C25009F18FB /* MovieCell.m in Sources */,
				5E112E5219778EA4005828AC /* main.m in Sources */,
			);
			runOnlyForDeploymentPostprocessing = 0;
		};
		5E112E5919778EA4005828AC /* Sources */ = {
			isa = PBXSourcesBuildPhase;
			buildActionMask = 2147483647;
			files = (
				5E112E6B19778EA4005828AC /* tomatoesTests.m in Sources */,
			);
			runOnlyForDeploymentPostprocessing = 0;
		};
/* End PBXSourcesBuildPhase section */

/* Begin PBXTargetDependency section */
		5E112E6319778EA4005828AC /* PBXTargetDependency */ = {
			isa = PBXTargetDependency;
			target = 5E112E4119778EA4005828AC /* tomatoes */;
			targetProxy = 5E112E6219778EA4005828AC /* PBXContainerItemProxy */;
		};
/* End PBXTargetDependency section */

/* Begin PBXVariantGroup section */
		5E112E4E19778EA4005828AC /* InfoPlist.strings */ = {
			isa = PBXVariantGroup;
			children = (
				5E112E4F19778EA4005828AC /* en */,
			);
			name = InfoPlist.strings;
			sourceTree = "<group>";
		};
		5E112E6719778EA4005828AC /* InfoPlist.strings */ = {
			isa = PBXVariantGroup;
			children = (
				5E112E6819778EA4005828AC /* en */,
			);
			name = InfoPlist.strings;
			sourceTree = "<group>";
		};
/* End PBXVariantGroup section */

/* Begin XCBuildConfiguration section */
		5E112E6C19778EA4005828AC /* Debug */ = {
			isa = XCBuildConfiguration;
			buildSettings = {
				ALWAYS_SEARCH_USER_PATHS = NO;
				CLANG_CXX_LANGUAGE_STANDARD = "gnu++0x";
				CLANG_CXX_LIBRARY = "libc++";
				CLANG_ENABLE_MODULES = YES;
				CLANG_ENABLE_OBJC_ARC = YES;
				CLANG_WARN_BOOL_CONVERSION = YES;
				CLANG_WARN_CONSTANT_CONVERSION = YES;
				CLANG_WARN_DIRECT_OBJC_ISA_USAGE = YES_ERROR;
				CLANG_WARN_EMPTY_BODY = YES;
				CLANG_WARN_ENUM_CONVERSION = YES;
				CLANG_WARN_INT_CONVERSION = YES;
				CLANG_WARN_OBJC_ROOT_CLASS = YES_ERROR;
				CLANG_WARN__DUPLICATE_METHOD_MATCH = YES;
				"CODE_SIGN_IDENTITY[sdk=iphoneos*]" = "iPhone Developer";
				COPY_PHASE_STRIP = NO;
				GCC_C_LANGUAGE_STANDARD = gnu99;
				GCC_DYNAMIC_NO_PIC = NO;
				GCC_OPTIMIZATION_LEVEL = 0;
				GCC_PREPROCESSOR_DEFINITIONS = (
					"DEBUG=1",
					"$(inherited)",
				);
				GCC_SYMBOLS_PRIVATE_EXTERN = NO;
				GCC_WARN_64_TO_32_BIT_CONVERSION = YES;
				GCC_WARN_ABOUT_RETURN_TYPE = YES_ERROR;
				GCC_WARN_UNDECLARED_SELECTOR = YES;
				GCC_WARN_UNINITIALIZED_AUTOS = YES_AGGRESSIVE;
				GCC_WARN_UNUSED_FUNCTION = YES;
				GCC_WARN_UNUSED_VARIABLE = YES;
				IPHONEOS_DEPLOYMENT_TARGET = 7.1;
				ONLY_ACTIVE_ARCH = YES;
				SDKROOT = iphoneos;
				TARGETED_DEVICE_FAMILY = "1,2";
			};
			name = Debug;
		};
		5E112E6D19778EA4005828AC /* Release */ = {
			isa = XCBuildConfiguration;
			buildSettings = {
				ALWAYS_SEARCH_USER_PATHS = NO;
				CLANG_CXX_LANGUAGE_STANDARD = "gnu++0x";
				CLANG_CXX_LIBRARY = "libc++";
				CLANG_ENABLE_MODULES = YES;
				CLANG_ENABLE_OBJC_ARC = YES;
				CLANG_WARN_BOOL_CONVERSION = YES;
				CLANG_WARN_CONSTANT_CONVERSION = YES;
				CLANG_WARN_DIRECT_OBJC_ISA_USAGE = YES_ERROR;
				CLANG_WARN_EMPTY_BODY = YES;
				CLANG_WARN_ENUM_CONVERSION = YES;
				CLANG_WARN_INT_CONVERSION = YES;
				CLANG_WARN_OBJC_ROOT_CLASS = YES_ERROR;
				CLANG_WARN__DUPLICATE_METHOD_MATCH = YES;
				"CODE_SIGN_IDENTITY[sdk=iphoneos*]" = "iPhone Developer";
				COPY_PHASE_STRIP = YES;
				ENABLE_NS_ASSERTIONS = NO;
				GCC_C_LANGUAGE_STANDARD = gnu99;
				GCC_WARN_64_TO_32_BIT_CONVERSION = YES;
				GCC_WARN_ABOUT_RETURN_TYPE = YES_ERROR;
				GCC_WARN_UNDECLARED_SELECTOR = YES;
				GCC_WARN_UNINITIALIZED_AUTOS = YES_AGGRESSIVE;
				GCC_WARN_UNUSED_FUNCTION = YES;
				GCC_WARN_UNUSED_VARIABLE = YES;
				IPHONEOS_DEPLOYMENT_TARGET = 7.1;
				SDKROOT = iphoneos;
				TARGETED_DEVICE_FAMILY = "1,2";
				VALIDATE_PRODUCT = YES;
			};
			name = Release;
		};
		5E112E6F19778EA4005828AC /* Debug */ = {
			isa = XCBuildConfiguration;
			baseConfigurationReference = AD5267A34B45461BB6131F33 /* Pods.xcconfig */;
			buildSettings = {
				ASSETCATALOG_COMPILER_APPICON_NAME = AppIcon;
				ASSETCATALOG_COMPILER_LAUNCHIMAGE_NAME = LaunchImage;
				GCC_PRECOMPILE_PREFIX_HEADER = YES;
				GCC_PREFIX_HEADER = "tomatoes/tomatoes-Prefix.pch";
				INFOPLIST_FILE = "tomatoes/tomatoes-Info.plist";
				PRODUCT_NAME = "$(TARGET_NAME)";
				WRAPPER_EXTENSION = app;
			};
			name = Debug;
		};
		5E112E7019778EA4005828AC /* Release */ = {
			isa = XCBuildConfiguration;
			baseConfigurationReference = AD5267A34B45461BB6131F33 /* Pods.xcconfig */;
			buildSettings = {
				ASSETCATALOG_COMPILER_APPICON_NAME = AppIcon;
				ASSETCATALOG_COMPILER_LAUNCHIMAGE_NAME = LaunchImage;
				GCC_PRECOMPILE_PREFIX_HEADER = YES;
				GCC_PREFIX_HEADER = "tomatoes/tomatoes-Prefix.pch";
				INFOPLIST_FILE = "tomatoes/tomatoes-Info.plist";
				PRODUCT_NAME = "$(TARGET_NAME)";
				WRAPPER_EXTENSION = app;
			};
			name = Release;
		};
		5E112E7219778EA4005828AC /* Debug */ = {
			isa = XCBuildConfiguration;
			buildSettings = {
				BUNDLE_LOADER = "$(BUILT_PRODUCTS_DIR)/tomatoes.app/tomatoes";
				FRAMEWORK_SEARCH_PATHS = (
					"$(SDKROOT)/Developer/Library/Frameworks",
					"$(inherited)",
					"$(DEVELOPER_FRAMEWORKS_DIR)",
				);
				GCC_PRECOMPILE_PREFIX_HEADER = YES;
				GCC_PREFIX_HEADER = "tomatoes/tomatoes-Prefix.pch";
				GCC_PREPROCESSOR_DEFINITIONS = (
					"DEBUG=1",
					"$(inherited)",
				);
				INFOPLIST_FILE = "tomatoesTests/tomatoesTests-Info.plist";
				PRODUCT_NAME = "$(TARGET_NAME)";
				TEST_HOST = "$(BUNDLE_LOADER)";
				WRAPPER_EXTENSION = xctest;
			};
			name = Debug;
		};
		5E112E7319778EA4005828AC /* Release */ = {
			isa = XCBuildConfiguration;
			buildSettings = {
				BUNDLE_LOADER = "$(BUILT_PRODUCTS_DIR)/tomatoes.app/tomatoes";
				FRAMEWORK_SEARCH_PATHS = (
					"$(SDKROOT)/Developer/Library/Frameworks",
					"$(inherited)",
					"$(DEVELOPER_FRAMEWORKS_DIR)",
				);
				GCC_PRECOMPILE_PREFIX_HEADER = YES;
				GCC_PREFIX_HEADER = "tomatoes/tomatoes-Prefix.pch";
				INFOPLIST_FILE = "tomatoesTests/tomatoesTests-Info.plist";
				PRODUCT_NAME = "$(TARGET_NAME)";
				TEST_HOST = "$(BUNDLE_LOADER)";
				WRAPPER_EXTENSION = xctest;
			};
			name = Release;
		};
/* End XCBuildConfiguration section */

/* Begin XCConfigurationList section */
		5E112E3D19778EA4005828AC /* Build configuration list for PBXProject "tomatoes" */ = {
			isa = XCConfigurationList;
			buildConfigurations = (
				5E112E6C19778EA4005828AC /* Debug */,
				5E112E6D19778EA4005828AC /* Release */,
			);
			defaultConfigurationIsVisible = 0;
			defaultConfigurationName = Release;
		};
		5E112E6E19778EA4005828AC /* Build configuration list for PBXNativeTarget "tomatoes" */ = {
			isa = XCConfigurationList;
			buildConfigurations = (
				5E112E6F19778EA4005828AC /* Debug */,
				5E112E7019778EA4005828AC /* Release */,
			);
			defaultConfigurationIsVisible = 0;
			defaultConfigurationName = Release;
		};
		5E112E7119778EA4005828AC /* Build configuration list for PBXNativeTarget "tomatoesTests" */ = {
			isa = XCConfigurationList;
			buildConfigurations = (
				5E112E7219778EA4005828AC /* Debug */,
				5E112E7319778EA4005828AC /* Release */,
			);
			defaultConfigurationIsVisible = 0;
			defaultConfigurationName = Release;
		};
/* End XCConfigurationList section */
	};
	rootObject = 5E112E3A19778EA4005828AC /* Project object */;
}
